
Microsoft Visual Studio Solution File, Format Version 12.00
# Visual Studio Version 16
VisualStudioVersion = 16.0.30523.141
MinimumVisualStudioVersion = 10.0.40219.1
Project("{FAE04EC0-301F-11D3-BF4B-00C04F79EFBC}") = "CustomInvoice.WebApp", "CustomInvoice.WebApp\CustomInvoice.WebApp.csproj", "{8736E20A-897C-4B78-B73E-1DBD54C80D1E}"
EndProject
Global
	GlobalSection(SolutionConfigurationPlatforms) = preSolution
		Debug|Any CPU = Debug|Any CPU
		Release|Any CPU = Release|Any CPU
	EndGlobalSection
	GlobalSection(ProjectConfigurationPlatforms) = postSolution
		{8736E20A-897C-4B78-B73E-1DBD54C80D1E}.Debug|Any CPU.ActiveCfg = Debug|Any CPU
		{8736E20A-897C-4B78-B73E-1DBD54C80D1E}.Debug|Any CPU.Build.0 = Debug|Any CPU
		{8736E20A-897C-4B78-B73E-1DBD54C80D1E}.Release|Any CPU.ActiveCfg = Release|Any CPU
		{8736E20A-897C-4B78-B73E-1DBD54C80D1E}.Release|Any CPU.Build.0 = Release|Any CPU
	EndGlobalSection
	GlobalSection(SolutionProperties) = preSolution
		HideSolutionNode = FALSE
	EndGlobalSection
	GlobalSection(ExtensibilityGlobals) = postSolution
		SolutionGuid = {ECEDAC22-9A7C-490B-9997-266AAB58F0A6}
	EndGlobalSection
EndGlobal
